
Microsoft Visual Studio Solution File, Format Version 12.00
# Visual Studio Version 17
VisualStudioVersion = 17.9.34616.47
MinimumVisualStudioVersion = 10.0.40219.1
Project("{FAE04EC0-301F-11D3-BF4B-00C04F79EFBC}") = "WebBanHangMyPham", "WebBanHangMyPham\WebBanHangMyPham.csproj", "{B88B1375-3128-4E6D-98E5-05FEAC756EB7}"
EndProject
Global
	GlobalSection(SolutionConfigurationPlatforms) = preSolution
		Debug|Any CPU = Debug|Any CPU
		Release|Any CPU = Release|Any CPU
	EndGlobalSection
	GlobalSection(ProjectConfigurationPlatforms) = postSolution
		{B88B1375-3128-4E6D-98E5-05FEAC756EB7}.Debug|Any CPU.ActiveCfg = Debug|Any CPU
		{B88B1375-3128-4E6D-98E5-05FEAC756EB7}.Debug|Any CPU.Build.0 = Debug|Any CPU
		{B88B1375-3128-4E6D-98E5-05FEAC756EB7}.Release|Any CPU.ActiveCfg = Release|Any CPU
		{B88B1375-3128-4E6D-98E5-05FEAC756EB7}.Release|Any CPU.Build.0 = Release|Any CPU
	EndGlobalSection
	GlobalSection(SolutionProperties) = preSolution
		HideSolutionNode = FALSE
	EndGlobalSection
	GlobalSection(ExtensibilityGlobals) = postSolution
		SolutionGuid = {A338DE63-6ED6-4FD9-9431-AC9C5CE34DE6}
	EndGlobalSection
EndGlobal
